
Microsoft Visual Studio Solution File, Format Version 12.00
# Visual Studio 2017
Project("{FAE04EC0-301F-11D3-BF4B-00C04F79EFBC}") = "testuje dalej =)", "testuje dalej =).csproj", "{52EEA31E-1A31-A4F4-FBFA-9148BB861C72}"
EndProject
Project("{FAE04EC0-301F-11D3-BF4B-00C04F79EFBC}") = "testuje dalej =).Editor", "testuje dalej =).Editor.csproj", "{6390E21C-EF83-D831-7C7C-EA662878BDD6}"
EndProject
Global
	GlobalSection(SolutionConfigurationPlatforms) = preSolution
		Debug|Any CPU = Debug|Any CPU
		Release|Any CPU = Release|Any CPU
	EndGlobalSection
	GlobalSection(ProjectConfigurationPlatforms) = postSolution
		{52EEA31E-1A31-A4F4-FBFA-9148BB861C72}.Debug|Any CPU.ActiveCfg = Debug|Any CPU
		{52EEA31E-1A31-A4F4-FBFA-9148BB861C72}.Debug|Any CPU.Build.0 = Debug|Any CPU
		{52EEA31E-1A31-A4F4-FBFA-9148BB861C72}.Release|Any CPU.ActiveCfg = Release|Any CPU
		{52EEA31E-1A31-A4F4-FBFA-9148BB861C72}.Release|Any CPU.Build.0 = Release|Any CPU
		{6390E21C-EF83-D831-7C7C-EA662878BDD6}.Debug|Any CPU.ActiveCfg = Debug|Any CPU
		{6390E21C-EF83-D831-7C7C-EA662878BDD6}.Debug|Any CPU.Build.0 = Debug|Any CPU
		{6390E21C-EF83-D831-7C7C-EA662878BDD6}.Release|Any CPU.ActiveCfg = Release|Any CPU
		{6390E21C-EF83-D831-7C7C-EA662878BDD6}.Release|Any CPU.Build.0 = Release|Any CPU
	EndGlobalSection
	GlobalSection(SolutionProperties) = preSolution
		HideSolutionNode = FALSE
	EndGlobalSection
EndGlobal
