
Microsoft Visual Studio Solution File, Format Version 12.00
# Visual Studio 2017
Project("{FAE04EC0-301F-11D3-BF4B-00C04F79EFBC}") = "Tower Defence - unity project", "Tower Defence - unity project.csproj", "{916CD2A4-6ED3-42CF-745A-032D6B80D9A2}"
EndProject
Project("{FAE04EC0-301F-11D3-BF4B-00C04F79EFBC}") = "Tower Defence - unity project.Editor", "Tower Defence - unity project.Editor.csproj", "{539AB8BA-B2D8-8DD0-AD04-A1E243FDCE6A}"
EndProject
Global
	GlobalSection(SolutionConfigurationPlatforms) = preSolution
		Debug|Any CPU = Debug|Any CPU
		Release|Any CPU = Release|Any CPU
	EndGlobalSection
	GlobalSection(ProjectConfigurationPlatforms) = postSolution
		{916CD2A4-6ED3-42CF-745A-032D6B80D9A2}.Debug|Any CPU.ActiveCfg = Debug|Any CPU
		{916CD2A4-6ED3-42CF-745A-032D6B80D9A2}.Debug|Any CPU.Build.0 = Debug|Any CPU
		{916CD2A4-6ED3-42CF-745A-032D6B80D9A2}.Release|Any CPU.ActiveCfg = Release|Any CPU
		{916CD2A4-6ED3-42CF-745A-032D6B80D9A2}.Release|Any CPU.Build.0 = Release|Any CPU
		{539AB8BA-B2D8-8DD0-AD04-A1E243FDCE6A}.Debug|Any CPU.ActiveCfg = Debug|Any CPU
		{539AB8BA-B2D8-8DD0-AD04-A1E243FDCE6A}.Debug|Any CPU.Build.0 = Debug|Any CPU
		{539AB8BA-B2D8-8DD0-AD04-A1E243FDCE6A}.Release|Any CPU.ActiveCfg = Release|Any CPU
		{539AB8BA-B2D8-8DD0-AD04-A1E243FDCE6A}.Release|Any CPU.Build.0 = Release|Any CPU
	EndGlobalSection
	GlobalSection(SolutionProperties) = preSolution
		HideSolutionNode = FALSE
	EndGlobalSection
EndGlobal
